{
  "version": 4,
  "terraform_version": "1.11.4",
  "serial": 125,
  "lineage": "3be4e8da-3d96-0d73-fea5-cc0006964a1f",
  "outputs": {
    "trigger_bucket_name": {
      "value": "gs://253a8ebf1927dae4-mosaic-rag-trigger-bucket",
      "type": "string"
    }
  },
  "resources": [
    {
      "mode": "data",
      "type": "archive_file",
      "name": "default",
      "provider": "provider[\"registry.terraform.io/hashicorp/archive\"]",
      "instances": [
        {
          "schema_version": 0,
          "attributes": {
            "exclude_symlink_directories": null,
            "excludes": null,
            "id": "62bddd10ed2fbd5f24af6f4382c96b3fe652ca5e",
            "output_base64sha256": "VixgGlj+M/78Uk4tzDo4AsQZCd0rsv/izjkZvyKSKBQ=",
            "output_base64sha512": "pTZmJro6J/zoSxqQpwnCn42X7uG6RtnYcX3s/bI0MDTB1KMXPac59jNUDeQBNJKqBkwTeUmqIOz4CfG4ViXmow==",
            "output_file_mode": null,
            "output_md5": "3af02b4b9204e8aa4d9f09e978dcc0b4",
            "output_path": "/tmp/function-source.zip",
            "output_sha": "62bddd10ed2fbd5f24af6f4382c96b3fe652ca5e",
            "output_sha256": "562c601a58fe33fefc524e2dcc3a3802c41909dd2bb2ffe2ce3919bf22922814",
            "output_sha512": "a5366626ba3a27fce84b1a90a709c29f8d97eee1ba46d9d8717decfdb2343034c1d4a3173da739f633540de4013492aa064c137949aa20ecf809f1b85625e6a3",
            "output_size": 3010,
            "source": [],
            "source_content": null,
            "source_content_filename": null,
            "source_dir": "function_source/",
            "source_file": null,
            "type": "zip"
          },
          "sensitive_attributes": []
        }
      ]
    },
    {
      "mode": "data",
      "type": "google_project",
      "name": "project",
      "provider": "provider[\"registry.terraform.io/hashicorp/google\"]",
      "instances": [
        {
          "schema_version": 0,
          "attributes": {
            "auto_create_network": null,
            "billing_account": "010285-5B9656-D98C0B",
            "deletion_policy": "PREVENT",
            "effective_labels": {
              "generative-language": "enabled"
            },
            "folder_id": "",
            "id": "projects/agents-stg",
            "labels": {
              "generative-language": "enabled"
            },
            "name": "agents-stg",
            "number": "428871167882",
            "org_id": "796733302477",
            "project_id": "agents-stg",
            "tags": null,
            "terraform_labels": {
              "generative-language": "enabled"
            }
          },
          "sensitive_attributes": []
        }
      ]
    },
    {
      "mode": "data",
      "type": "google_storage_project_service_account",
      "name": "default",
      "provider": "provider[\"registry.terraform.io/hashicorp/google\"]",
      "instances": [
        {
          "schema_version": 0,
          "attributes": {
            "email_address": "service-428871167882@gs-project-accounts.iam.gserviceaccount.com",
            "id": "service-428871167882@gs-project-accounts.iam.gserviceaccount.com",
            "member": "serviceAccount:service-428871167882@gs-project-accounts.iam.gserviceaccount.com",
            "project": "agents-stg",
            "user_project": null
          },
          "sensitive_attributes": []
        }
      ]
    },
    {
      "mode": "managed",
      "type": "google_cloudfunctions2_function",
      "name": "mosaic_rag_function_additions",
      "provider": "provider[\"registry.terraform.io/hashicorp/google\"]",
      "instances": [
        {
          "schema_version": 0,
          "attributes": {
            "build_config": [
              {
                "automatic_update_policy": [
                  {}
                ],
                "build": "projects/428871167882/locations/us-central1/builds/a9993618-1eb6-4db8-b386-cee4cbbc950c",
                "docker_repository": "projects/agents-stg/locations/us-central1/repositories/gcf-artifacts",
                "entry_point": "process_event",
                "environment_variables": {
                  "BUILD_CONFIG_TEST": "build_test",
                  "CORPUS_PATH": "projects/428871167882/locations/us-central1/ragCorpora/645140646620823552",
                  "GEMINI_API_KEY": "AIzaSyCeh5HfOX0i691vQILMKiWrX14Q4CxnLxE",
                  "GEMINI_MODEL": "gemini-2.5-flash",
                  "PROJECT_ID": "agents-stg",
                  "REGION": "us-central1"
                },
                "on_deploy_update_policy": [],
                "runtime": "python310",
                "service_account": "projects/agents-stg/serviceAccounts/428871167882-compute@developer.gserviceaccount.com",
                "source": [
                  {
                    "repo_source": [],
                    "storage_source": [
                      {
                        "bucket": "253a8ebf1927dae4-mosaic-rag-source-bucket",
                        "generation": 1751639758318358,
                        "object": "app-562c601a58fe33fefc524e2dcc3a3802c41909dd2bb2ffe2ce3919bf22922814.zip"
                      }
                    ]
                  }
                ],
                "worker_pool": ""
              }
            ],
            "description": "Ingestion Pipeline function which processes all the files for mosaic-rag-ingestion",
            "effective_labels": {
              "goog-terraform-provisioned": "true"
            },
            "environment": "GEN_2",
            "event_trigger": [
              {
                "event_filters": [
                  {
                    "attribute": "bucket",
                    "operator": "",
                    "value": "253a8ebf1927dae4-mosaic-rag-trigger-bucket"
                  }
                ],
                "event_type": "google.cloud.storage.object.v1.finalized",
                "pubsub_topic": "projects/agents-stg/topics/eventarc-us-central1-mosaic-rag-ingestion-pipeline-function-additions-182646-250",
                "retry_policy": "RETRY_POLICY_RETRY",
                "service_account_email": "mosaic-rag-test-account-sa@agents-stg.iam.gserviceaccount.com",
                "trigger": "projects/agents-stg/locations/us-central1/triggers/mosaic-rag-ingestion-pipeline-function-additions-182646",
                "trigger_region": "us-central1"
              }
            ],
            "id": "projects/agents-stg/locations/us-central1/functions/mosaic-rag-ingestion-pipeline-function-additions",
            "kms_key_name": "",
            "labels": {},
            "location": "us-central1",
            "name": "mosaic-rag-ingestion-pipeline-function-additions",
            "project": "agents-stg",
            "service_config": [
              {
                "all_traffic_on_latest_revision": true,
                "available_cpu": "8",
                "available_memory": "4Gi",
                "binary_authorization_policy": "",
                "environment_variables": {
                  "CORPUS_PATH": "projects/428871167882/locations/us-central1/ragCorpora/645140646620823552",
                  "GEMINI_API_KEY": "AIzaSyCeh5HfOX0i691vQILMKiWrX14Q4CxnLxE",
                  "GEMINI_MODEL": "gemini-2.5-flash",
                  "LOG_EXECUTION_ID": "true",
                  "PROJECT_ID": "agents-stg",
                  "REGION": "us-central1",
                  "SERVICE_CONFIG_TEST": "config_test"
                },
                "gcf_uri": "",
                "ingress_settings": "ALLOW_INTERNAL_ONLY",
                "max_instance_count": 6,
                "max_instance_request_concurrency": 10,
                "min_instance_count": 1,
                "secret_environment_variables": [],
                "secret_volumes": [],
                "service": "projects/agents-stg/locations/us-central1/services/mosaic-rag-ingestion-pipeline-function-additions",
                "service_account_email": "mosaic-rag-test-account-sa@agents-stg.iam.gserviceaccount.com",
                "timeout_seconds": 60,
                "uri": "https://mosaic-rag-ingestion-pipeline-function-additions-322gso7iaq-uc.a.run.app",
                "vpc_connector": "",
                "vpc_connector_egress_settings": ""
              }
            ],
            "state": "ACTIVE",
            "terraform_labels": {
              "goog-terraform-provisioned": "true"
            },
            "timeouts": null,
            "update_time": "2025-07-05T05:00:21.931583809Z",
            "url": "https://us-central1-agents-stg.cloudfunctions.net/mosaic-rag-ingestion-pipeline-function-additions"
          },
          "sensitive_attributes": [],
          "private": "eyJlMmJmYjczMC1lY2FhLTExZTYtOGY4OC0zNDM2M2JjN2M0YzAiOnsiY3JlYXRlIjozNjAwMDAwMDAwMDAwLCJkZWxldGUiOjM2MDAwMDAwMDAwMDAsInVwZGF0ZSI6MzYwMDAwMDAwMDAwMH19",
          "dependencies": [
            "data.archive_file.default",
            "data.google_project.project",
            "data.google_storage_project_service_account.default",
            "google_project_iam_member.artifactregistry_reader",
            "google_project_iam_member.event_receiving",
            "google_project_iam_member.gcs_pubsub_publishing",
            "google_project_iam_member.invoking",
            "google_service_account.account",
            "google_storage_bucket.source_bucket",
            "google_storage_bucket.trigger_bucket",
            "google_storage_bucket_object.default",
            "random_id.bucket_prefix"
          ]
        }
      ]
    },
    {
      "mode": "managed",
      "type": "google_cloudfunctions2_function",
      "name": "mosaic_rag_function_deletions",
      "provider": "provider[\"registry.terraform.io/hashicorp/google\"]",
      "instances": [
        {
          "schema_version": 0,
          "attributes": {
            "build_config": [
              {
                "automatic_update_policy": [
                  {}
                ],
                "build": "projects/428871167882/locations/us-central1/builds/3f532c82-1435-4bd6-a63b-2fce6f605f4b",
                "docker_repository": "projects/agents-stg/locations/us-central1/repositories/gcf-artifacts",
                "entry_point": "process_event",
                "environment_variables": {
                  "BUILD_CONFIG_TEST": "build_test",
                  "CORPUS_PATH": "projects/428871167882/locations/us-central1/ragCorpora/645140646620823552",
                  "GEMINI_API_KEY": "AIzaSyCeh5HfOX0i691vQILMKiWrX14Q4CxnLxE",
                  "GEMINI_MODEL": "gemini-2.5-flash",
                  "PROJECT_ID": "agents-stg",
                  "REGION": "us-central1"
                },
                "on_deploy_update_policy": [],
                "runtime": "python310",
                "service_account": "projects/agents-stg/serviceAccounts/428871167882-compute@developer.gserviceaccount.com",
                "source": [
                  {
                    "repo_source": [],
                    "storage_source": [
                      {
                        "bucket": "253a8ebf1927dae4-mosaic-rag-source-bucket",
                        "generation": 1751639758244624,
                        "object": "app-562c601a58fe33fefc524e2dcc3a3802c41909dd2bb2ffe2ce3919bf22922814.zip"
                      }
                    ]
                  }
                ],
                "worker_pool": ""
              }
            ],
            "description": "Ingestion Pipeline function which processes all the files for mosaic-rag-ingestion",
            "effective_labels": {
              "goog-terraform-provisioned": "true"
            },
            "environment": "GEN_2",
            "event_trigger": [
              {
                "event_filters": [
                  {
                    "attribute": "bucket",
                    "operator": "",
                    "value": "253a8ebf1927dae4-mosaic-rag-trigger-bucket"
                  }
                ],
                "event_type": "google.cloud.storage.object.v1.deleted",
                "pubsub_topic": "projects/agents-stg/topics/eventarc-us-central1-mosaic-rag-ingestion-pipeline-function-deletions-193103-194",
                "retry_policy": "RETRY_POLICY_RETRY",
                "service_account_email": "mosaic-rag-test-account-sa@agents-stg.iam.gserviceaccount.com",
                "trigger": "projects/agents-stg/locations/us-central1/triggers/mosaic-rag-ingestion-pipeline-function-deletions-193103",
                "trigger_region": "us-central1"
              }
            ],
            "id": "projects/agents-stg/locations/us-central1/functions/mosaic-rag-ingestion-pipeline-function-deletions",
            "kms_key_name": "",
            "labels": {},
            "location": "us-central1",
            "name": "mosaic-rag-ingestion-pipeline-function-deletions",
            "project": "agents-stg",
            "service_config": [
              {
                "all_traffic_on_latest_revision": true,
                "available_cpu": "8",
                "available_memory": "4Gi",
                "binary_authorization_policy": "",
                "environment_variables": {
                  "CORPUS_PATH": "projects/428871167882/locations/us-central1/ragCorpora/645140646620823552",
                  "GEMINI_API_KEY": "AIzaSyCeh5HfOX0i691vQILMKiWrX14Q4CxnLxE",
                  "GEMINI_MODEL": "gemini-2.5-flash",
                  "LOG_EXECUTION_ID": "true",
                  "PROJECT_ID": "agents-stg",
                  "REGION": "us-central1",
                  "SERVICE_CONFIG_TEST": "config_test"
                },
                "gcf_uri": "",
                "ingress_settings": "ALLOW_INTERNAL_ONLY",
                "max_instance_count": 6,
                "max_instance_request_concurrency": 10,
                "min_instance_count": 1,
                "secret_environment_variables": [],
                "secret_volumes": [],
                "service": "projects/agents-stg/locations/us-central1/services/mosaic-rag-ingestion-pipeline-function-deletions",
                "service_account_email": "mosaic-rag-test-account-sa@agents-stg.iam.gserviceaccount.com",
                "timeout_seconds": 60,
                "uri": "https://mosaic-rag-ingestion-pipeline-function-deletions-322gso7iaq-uc.a.run.app",
                "vpc_connector": "",
                "vpc_connector_egress_settings": ""
              }
            ],
            "state": "ACTIVE",
            "terraform_labels": {
              "goog-terraform-provisioned": "true"
            },
            "timeouts": null,
            "update_time": "2025-07-05T05:00:14.314070091Z",
            "url": "https://us-central1-agents-stg.cloudfunctions.net/mosaic-rag-ingestion-pipeline-function-deletions"
          },
          "sensitive_attributes": [],
          "private": "eyJlMmJmYjczMC1lY2FhLTExZTYtOGY4OC0zNDM2M2JjN2M0YzAiOnsiY3JlYXRlIjozNjAwMDAwMDAwMDAwLCJkZWxldGUiOjM2MDAwMDAwMDAwMDAsInVwZGF0ZSI6MzYwMDAwMDAwMDAwMH19",
          "dependencies": [
            "data.archive_file.default",
            "data.google_project.project",
            "data.google_storage_project_service_account.default",
            "google_project_iam_member.artifactregistry_reader",
            "google_project_iam_member.event_receiving",
            "google_project_iam_member.gcs_pubsub_publishing",
            "google_project_iam_member.invoking",
            "google_service_account.account",
            "google_storage_bucket.source_bucket",
            "google_storage_bucket.trigger_bucket",
            "google_storage_bucket_object.default",
            "random_id.bucket_prefix"
          ]
        }
      ]
    },
    {
      "mode": "managed",
      "type": "google_project_iam_member",
      "name": "ai_platform_user",
      "provider": "provider[\"registry.terraform.io/hashicorp/google\"]",
      "instances": [
        {
          "schema_version": 0,
          "attributes": {
            "condition": [],
            "etag": "BwY5G2pf/Y0=",
            "id": "agents-stg/roles/aiplatform.user/serviceAccount:mosaic-rag-test-account-sa@agents-stg.iam.gserviceaccount.com",
            "member": "serviceAccount:mosaic-rag-test-account-sa@agents-stg.iam.gserviceaccount.com",
            "project": "agents-stg",
            "role": "roles/aiplatform.user"
          },
          "sensitive_attributes": [],
          "private": "bnVsbA==",
          "dependencies": [
            "data.google_project.project",
            "data.google_storage_project_service_account.default",
            "google_project_iam_member.artifactregistry_reader",
            "google_project_iam_member.event_receiving",
            "google_project_iam_member.gcs_pubsub_publishing",
            "google_project_iam_member.invoking",
            "google_project_iam_member.storage_object_viewer",
            "google_service_account.account"
          ]
        }
      ]
    },
    {
      "mode": "managed",
      "type": "google_project_iam_member",
      "name": "artifactregistry_reader",
      "provider": "provider[\"registry.terraform.io/hashicorp/google\"]",
      "instances": [
        {
          "schema_version": 0,
          "attributes": {
            "condition": [],
            "etag": "BwY5G2pf/Y0=",
            "id": "agents-stg/roles/artifactregistry.reader/serviceAccount:mosaic-rag-test-account-sa@agents-stg.iam.gserviceaccount.com",
            "member": "serviceAccount:mosaic-rag-test-account-sa@agents-stg.iam.gserviceaccount.com",
            "project": "agents-stg",
            "role": "roles/artifactregistry.reader"
          },
          "sensitive_attributes": [],
          "private": "bnVsbA==",
          "dependencies": [
            "data.google_project.project",
            "data.google_storage_project_service_account.default",
            "google_project_iam_member.event_receiving",
            "google_project_iam_member.gcs_pubsub_publishing",
            "google_project_iam_member.invoking",
            "google_service_account.account"
          ]
        }
      ]
    },
    {
      "mode": "managed",
      "type": "google_project_iam_member",
      "name": "event_receiving",
      "provider": "provider[\"registry.terraform.io/hashicorp/google\"]",
      "instances": [
        {
          "schema_version": 0,
          "attributes": {
            "condition": [],
            "etag": "BwY5G2pf/Y0=",
            "id": "agents-stg/roles/eventarc.eventReceiver/serviceAccount:mosaic-rag-test-account-sa@agents-stg.iam.gserviceaccount.com",
            "member": "serviceAccount:mosaic-rag-test-account-sa@agents-stg.iam.gserviceaccount.com",
            "project": "agents-stg",
            "role": "roles/eventarc.eventReceiver"
          },
          "sensitive_attributes": [],
          "private": "bnVsbA==",
          "dependencies": [
            "data.google_project.project",
            "data.google_storage_project_service_account.default",
            "google_project_iam_member.gcs_pubsub_publishing",
            "google_project_iam_member.invoking",
            "google_service_account.account"
          ]
        }
      ]
    },
    {
      "mode": "managed",
      "type": "google_project_iam_member",
      "name": "gcs_pubsub_publishing",
      "provider": "provider[\"registry.terraform.io/hashicorp/google\"]",
      "instances": [
        {
          "schema_version": 0,
          "attributes": {
            "condition": [],
            "etag": "BwY5G2pf/Y0=",
            "id": "agents-stg/roles/pubsub.publisher/serviceAccount:service-428871167882@gs-project-accounts.iam.gserviceaccount.com",
            "member": "serviceAccount:service-428871167882@gs-project-accounts.iam.gserviceaccount.com",
            "project": "agents-stg",
            "role": "roles/pubsub.publisher"
          },
          "sensitive_attributes": [],
          "private": "bnVsbA==",
          "dependencies": [
            "data.google_project.project",
            "data.google_storage_project_service_account.default"
          ]
        }
      ]
    },
    {
      "mode": "managed",
      "type": "google_project_iam_member",
      "name": "invoking",
      "provider": "provider[\"registry.terraform.io/hashicorp/google\"]",
      "instances": [
        {
          "schema_version": 0,
          "attributes": {
            "condition": [],
            "etag": "BwY5G2pf/Y0=",
            "id": "agents-stg/roles/run.invoker/serviceAccount:mosaic-rag-test-account-sa@agents-stg.iam.gserviceaccount.com",
            "member": "serviceAccount:mosaic-rag-test-account-sa@agents-stg.iam.gserviceaccount.com",
            "project": "agents-stg",
            "role": "roles/run.invoker"
          },
          "sensitive_attributes": [],
          "private": "bnVsbA==",
          "dependencies": [
            "data.google_project.project",
            "data.google_storage_project_service_account.default",
            "google_project_iam_member.gcs_pubsub_publishing",
            "google_service_account.account"
          ]
        }
      ]
    },
    {
      "mode": "managed",
      "type": "google_project_iam_member",
      "name": "storage_object_viewer",
      "provider": "provider[\"registry.terraform.io/hashicorp/google\"]",
      "instances": [
        {
          "schema_version": 0,
          "attributes": {
            "condition": [],
            "etag": "BwY5G2pf/Y0=",
            "id": "agents-stg/roles/storage.objectViewer/serviceAccount:mosaic-rag-test-account-sa@agents-stg.iam.gserviceaccount.com",
            "member": "serviceAccount:mosaic-rag-test-account-sa@agents-stg.iam.gserviceaccount.com",
            "project": "agents-stg",
            "role": "roles/storage.objectViewer"
          },
          "sensitive_attributes": [],
          "private": "bnVsbA==",
          "dependencies": [
            "data.google_project.project",
            "data.google_storage_project_service_account.default",
            "google_project_iam_member.artifactregistry_reader",
            "google_project_iam_member.event_receiving",
            "google_project_iam_member.gcs_pubsub_publishing",
            "google_project_iam_member.invoking",
            "google_service_account.account"
          ]
        }
      ]
    },
    {
      "mode": "managed",
      "type": "google_project_service",
      "name": "project_apis",
      "provider": "provider[\"registry.terraform.io/hashicorp/google\"]",
      "instances": [
        {
          "index_key": "artifactregistry.googleapis.com",
          "schema_version": 0,
          "attributes": {
            "disable_dependent_services": null,
            "disable_on_destroy": false,
            "id": "agents-stg/artifactregistry.googleapis.com",
            "project": "agents-stg",
            "service": "artifactregistry.googleapis.com",
            "timeouts": null
          },
          "sensitive_attributes": [],
          "private": "eyJlMmJmYjczMC1lY2FhLTExZTYtOGY4OC0zNDM2M2JjN2M0YzAiOnsiY3JlYXRlIjoxMjAwMDAwMDAwMDAwLCJkZWxldGUiOjEyMDAwMDAwMDAwMDAsInJlYWQiOjYwMDAwMDAwMDAwMCwidXBkYXRlIjoxMjAwMDAwMDAwMDAwfX0="
        },
        {
          "index_key": "cloudbuild.googleapis.com",
          "schema_version": 0,
          "attributes": {
            "disable_dependent_services": null,
            "disable_on_destroy": false,
            "id": "agents-stg/cloudbuild.googleapis.com",
            "project": "agents-stg",
            "service": "cloudbuild.googleapis.com",
            "timeouts": null
          },
          "sensitive_attributes": [],
          "private": "eyJlMmJmYjczMC1lY2FhLTExZTYtOGY4OC0zNDM2M2JjN2M0YzAiOnsiY3JlYXRlIjoxMjAwMDAwMDAwMDAwLCJkZWxldGUiOjEyMDAwMDAwMDAwMDAsInJlYWQiOjYwMDAwMDAwMDAwMCwidXBkYXRlIjoxMjAwMDAwMDAwMDAwfX0="
        },
        {
          "index_key": "cloudfunctions.googleapis.com",
          "schema_version": 0,
          "attributes": {
            "disable_dependent_services": null,
            "disable_on_destroy": false,
            "id": "agents-stg/cloudfunctions.googleapis.com",
            "project": "agents-stg",
            "service": "cloudfunctions.googleapis.com",
            "timeouts": null
          },
          "sensitive_attributes": [],
          "private": "eyJlMmJmYjczMC1lY2FhLTExZTYtOGY4OC0zNDM2M2JjN2M0YzAiOnsiY3JlYXRlIjoxMjAwMDAwMDAwMDAwLCJkZWxldGUiOjEyMDAwMDAwMDAwMDAsInJlYWQiOjYwMDAwMDAwMDAwMCwidXBkYXRlIjoxMjAwMDAwMDAwMDAwfX0="
        },
        {
          "index_key": "eventarc.googleapis.com",
          "schema_version": 0,
          "attributes": {
            "disable_dependent_services": null,
            "disable_on_destroy": false,
            "id": "agents-stg/eventarc.googleapis.com",
            "project": "agents-stg",
            "service": "eventarc.googleapis.com",
            "timeouts": null
          },
          "sensitive_attributes": [],
          "private": "eyJlMmJmYjczMC1lY2FhLTExZTYtOGY4OC0zNDM2M2JjN2M0YzAiOnsiY3JlYXRlIjoxMjAwMDAwMDAwMDAwLCJkZWxldGUiOjEyMDAwMDAwMDAwMDAsInJlYWQiOjYwMDAwMDAwMDAwMCwidXBkYXRlIjoxMjAwMDAwMDAwMDAwfX0="
        },
        {
          "index_key": "iam.googleapis.com",
          "schema_version": 0,
          "attributes": {
            "disable_dependent_services": null,
            "disable_on_destroy": false,
            "id": "agents-stg/iam.googleapis.com",
            "project": "agents-stg",
            "service": "iam.googleapis.com",
            "timeouts": null
          },
          "sensitive_attributes": [],
          "private": "eyJlMmJmYjczMC1lY2FhLTExZTYtOGY4OC0zNDM2M2JjN2M0YzAiOnsiY3JlYXRlIjoxMjAwMDAwMDAwMDAwLCJkZWxldGUiOjEyMDAwMDAwMDAwMDAsInJlYWQiOjYwMDAwMDAwMDAwMCwidXBkYXRlIjoxMjAwMDAwMDAwMDAwfX0="
        },
        {
          "index_key": "run.googleapis.com",
          "schema_version": 0,
          "attributes": {
            "disable_dependent_services": null,
            "disable_on_destroy": false,
            "id": "agents-stg/run.googleapis.com",
            "project": "agents-stg",
            "service": "run.googleapis.com",
            "timeouts": null
          },
          "sensitive_attributes": [],
          "private": "eyJlMmJmYjczMC1lY2FhLTExZTYtOGY4OC0zNDM2M2JjN2M0YzAiOnsiY3JlYXRlIjoxMjAwMDAwMDAwMDAwLCJkZWxldGUiOjEyMDAwMDAwMDAwMDAsInJlYWQiOjYwMDAwMDAwMDAwMCwidXBkYXRlIjoxMjAwMDAwMDAwMDAwfX0="
        }
      ]
    },
    {
      "mode": "managed",
      "type": "google_service_account",
      "name": "account",
      "provider": "provider[\"registry.terraform.io/hashicorp/google\"]",
      "instances": [
        {
          "schema_version": 0,
          "attributes": {
            "account_id": "mosaic-rag-test-account-sa",
            "create_ignore_already_exists": null,
            "description": "",
            "disabled": false,
            "display_name": "Test Service Account - used for both the cloud function and eventarc trigger in the test",
            "email": "mosaic-rag-test-account-sa@agents-stg.iam.gserviceaccount.com",
            "id": "projects/agents-stg/serviceAccounts/mosaic-rag-test-account-sa@agents-stg.iam.gserviceaccount.com",
            "member": "serviceAccount:mosaic-rag-test-account-sa@agents-stg.iam.gserviceaccount.com",
            "name": "projects/agents-stg/serviceAccounts/mosaic-rag-test-account-sa@agents-stg.iam.gserviceaccount.com",
            "project": "agents-stg",
            "timeouts": null,
            "unique_id": "114488246959299280683"
          },
          "sensitive_attributes": [],
          "private": "eyJlMmJmYjczMC1lY2FhLTExZTYtOGY4OC0zNDM2M2JjN2M0YzAiOnsiY3JlYXRlIjozMDAwMDAwMDAwMDB9fQ=="
        }
      ]
    },
    {
      "mode": "managed",
      "type": "google_storage_bucket",
      "name": "source_bucket",
      "provider": "provider[\"registry.terraform.io/hashicorp/google\"]",
      "instances": [
        {
          "schema_version": 3,
          "attributes": {
            "autoclass": [],
            "cors": [],
            "custom_placement_config": [],
            "default_event_based_hold": false,
            "effective_labels": {
              "goog-terraform-provisioned": "true"
            },
            "enable_object_retention": false,
            "encryption": [],
            "force_destroy": true,
            "hierarchical_namespace": [
              {
                "enabled": false
              }
            ],
            "id": "253a8ebf1927dae4-mosaic-rag-source-bucket",
            "ip_filter": [],
            "labels": {},
            "lifecycle_rule": [],
            "location": "US",
            "logging": [],
            "name": "253a8ebf1927dae4-mosaic-rag-source-bucket",
            "project": "agents-stg",
            "project_number": 428871167882,
            "public_access_prevention": "inherited",
            "requester_pays": false,
            "retention_policy": [],
            "rpo": "DEFAULT",
            "self_link": "https://www.googleapis.com/storage/v1/b/253a8ebf1927dae4-mosaic-rag-source-bucket",
            "soft_delete_policy": [
              {
                "effective_time": "2025-07-04T14:35:13.625Z",
                "retention_duration_seconds": 604800
              }
            ],
            "storage_class": "STANDARD",
            "terraform_labels": {
              "goog-terraform-provisioned": "true"
            },
            "time_created": "2025-07-04T14:35:13.625Z",
            "timeouts": null,
            "uniform_bucket_level_access": true,
            "updated": "2025-07-04T14:35:13.625Z",
            "url": "gs://253a8ebf1927dae4-mosaic-rag-source-bucket",
            "versioning": [],
            "website": []
          },
          "sensitive_attributes": [],
          "private": "eyJlMmJmYjczMC1lY2FhLTExZTYtOGY4OC0zNDM2M2JjN2M0YzAiOnsiY3JlYXRlIjo2MDAwMDAwMDAwMDAsInJlYWQiOjI0MDAwMDAwMDAwMCwidXBkYXRlIjoyNDAwMDAwMDAwMDB9LCJzY2hlbWFfdmVyc2lvbiI6IjMifQ==",
          "dependencies": [
            "random_id.bucket_prefix"
          ]
        }
      ]
    },
    {
      "mode": "managed",
      "type": "google_storage_bucket",
      "name": "trigger_bucket",
      "provider": "provider[\"registry.terraform.io/hashicorp/google\"]",
      "instances": [
        {
          "schema_version": 3,
          "attributes": {
            "autoclass": [],
            "cors": [],
            "custom_placement_config": [],
            "default_event_based_hold": false,
            "effective_labels": {
              "goog-terraform-provisioned": "true"
            },
            "enable_object_retention": false,
            "encryption": [],
            "force_destroy": true,
            "hierarchical_namespace": [
              {
                "enabled": false
              }
            ],
            "id": "253a8ebf1927dae4-mosaic-rag-trigger-bucket",
            "ip_filter": [],
            "labels": {},
            "lifecycle_rule": [],
            "location": "US-CENTRAL1",
            "logging": [],
            "name": "253a8ebf1927dae4-mosaic-rag-trigger-bucket",
            "project": "agents-stg",
            "project_number": 428871167882,
            "public_access_prevention": "inherited",
            "requester_pays": false,
            "retention_policy": [],
            "rpo": null,
            "self_link": "https://www.googleapis.com/storage/v1/b/253a8ebf1927dae4-mosaic-rag-trigger-bucket",
            "soft_delete_policy": [
              {
                "effective_time": "2025-07-04T14:35:13.244Z",
                "retention_duration_seconds": 604800
              }
            ],
            "storage_class": "STANDARD",
            "terraform_labels": {
              "goog-terraform-provisioned": "true"
            },
            "time_created": "2025-07-04T14:35:13.244Z",
            "timeouts": null,
            "uniform_bucket_level_access": true,
            "updated": "2025-07-04T14:38:21.438Z",
            "url": "gs://253a8ebf1927dae4-mosaic-rag-trigger-bucket",
            "versioning": [],
            "website": []
          },
          "sensitive_attributes": [],
          "private": "eyJlMmJmYjczMC1lY2FhLTExZTYtOGY4OC0zNDM2M2JjN2M0YzAiOnsiY3JlYXRlIjo2MDAwMDAwMDAwMDAsInJlYWQiOjI0MDAwMDAwMDAwMCwidXBkYXRlIjoyNDAwMDAwMDAwMDB9LCJzY2hlbWFfdmVyc2lvbiI6IjMifQ==",
          "dependencies": [
            "random_id.bucket_prefix"
          ]
        }
      ]
    },
    {
      "mode": "managed",
      "type": "google_storage_bucket_object",
      "name": "default",
      "provider": "provider[\"registry.terraform.io/hashicorp/google\"]",
      "instances": [
        {
          "schema_version": 0,
          "attributes": {
            "bucket": "253a8ebf1927dae4-mosaic-rag-source-bucket",
            "cache_control": "",
            "content": null,
            "content_disposition": "",
            "content_encoding": "",
            "content_language": "",
            "content_type": "application/zip",
            "crc32c": "FhPUPQ==",
            "customer_encryption": [],
            "detect_md5hash": "OvArS5IE6KpNnwnpeNzAtA==",
            "event_based_hold": false,
            "generation": 1751691051678365,
            "id": "253a8ebf1927dae4-mosaic-rag-source-bucket-app-562c601a58fe33fefc524e2dcc3a3802c41909dd2bb2ffe2ce3919bf22922814.zip",
            "kms_key_name": "",
            "md5hash": "OvArS5IE6KpNnwnpeNzAtA==",
            "md5hexhash": "3af02b4b9204e8aa4d9f09e978dcc0b4",
            "media_link": "https://storage.googleapis.com/download/storage/v1/b/253a8ebf1927dae4-mosaic-rag-source-bucket/o/app-562c601a58fe33fefc524e2dcc3a3802c41909dd2bb2ffe2ce3919bf22922814.zip?generation=1751691051678365\u0026alt=media",
            "metadata": {},
            "name": "app-562c601a58fe33fefc524e2dcc3a3802c41909dd2bb2ffe2ce3919bf22922814.zip",
            "output_name": "app-562c601a58fe33fefc524e2dcc3a3802c41909dd2bb2ffe2ce3919bf22922814.zip",
            "retention": [],
            "self_link": "https://www.googleapis.com/storage/v1/b/253a8ebf1927dae4-mosaic-rag-source-bucket/o/app-562c601a58fe33fefc524e2dcc3a3802c41909dd2bb2ffe2ce3919bf22922814.zip",
            "source": "/tmp/function-source.zip",
            "source_md5hash": "",
            "storage_class": "STANDARD",
            "temporary_hold": false,
            "timeouts": null
          },
          "sensitive_attributes": [
            [
              {
                "type": "get_attr",
                "value": "content"
              }
            ]
          ],
          "private": "eyJlMmJmYjczMC1lY2FhLTExZTYtOGY4OC0zNDM2M2JjN2M0YzAiOnsiY3JlYXRlIjoyNDAwMDAwMDAwMDAsImRlbGV0ZSI6MjQwMDAwMDAwMDAwLCJ1cGRhdGUiOjI0MDAwMDAwMDAwMH19",
          "dependencies": [
            "data.archive_file.default",
            "google_storage_bucket.source_bucket",
            "random_id.bucket_prefix"
          ]
        }
      ]
    },
    {
      "mode": "managed",
      "type": "random_id",
      "name": "bucket_prefix",
      "provider": "provider[\"registry.terraform.io/hashicorp/random\"]",
      "instances": [
        {
          "schema_version": 0,
          "attributes": {
            "b64_std": "JTqOvxkn2uQ=",
            "b64_url": "JTqOvxkn2uQ",
            "byte_length": 8,
            "dec": "2682613479464491748",
            "hex": "253a8ebf1927dae4",
            "id": "JTqOvxkn2uQ",
            "keepers": null,
            "prefix": null
          },
          "sensitive_attributes": []
        }
      ]
    }
  ],
  "check_results": null
}
